
Microsoft Visual Studio Solution File, Format Version 12.00
# Visual Studio Version 17
VisualStudioVersion = 17.4.33110.190
MinimumVisualStudioVersion = 10.0.40219.1
Project("{FAE04EC0-301F-11D3-BF4B-00C04F79EFBC}") = "W1501PreGrid", "W1501PreGrid\W1501PreGrid.csproj", "{B86794A9-7303-40FB-8782-7E48D4A8190B}"
EndProject
Global
	GlobalSection(SolutionConfigurationPlatforms) = preSolution
		Debug|Any CPU = Debug|Any CPU
		Release|Any CPU = Release|Any CPU
	EndGlobalSection
	GlobalSection(ProjectConfigurationPlatforms) = postSolution
		{B86794A9-7303-40FB-8782-7E48D4A8190B}.Debug|Any CPU.ActiveCfg = Debug|Any CPU
		{B86794A9-7303-40FB-8782-7E48D4A8190B}.Debug|Any CPU.Build.0 = Debug|Any CPU
		{B86794A9-7303-40FB-8782-7E48D4A8190B}.Release|Any CPU.ActiveCfg = Release|Any CPU
		{B86794A9-7303-40FB-8782-7E48D4A8190B}.Release|Any CPU.Build.0 = Release|Any CPU
	EndGlobalSection
	GlobalSection(SolutionProperties) = preSolution
		HideSolutionNode = FALSE
	EndGlobalSection
	GlobalSection(ExtensibilityGlobals) = postSolution
		SolutionGuid = {9B413C1F-B423-4F76-9D52-9D592FFD6E80}
	EndGlobalSection
EndGlobal
